
Microsoft Visual Studio Solution File, Format Version 12.00
# Visual Studio Version 16
VisualStudioVersion = 16.0.31025.194
MinimumVisualStudioVersion = 10.0.40219.1
Project("{FAE04EC0-301F-11D3-BF4B-00C04F79EFBC}") = "Azureblob.Android", "Azureblob\Azureblob.Android\Azureblob.Android.csproj", "{FCFE075C-1721-4EF0-B445-1810F9F9F59C}"
EndProject
Project("{FAE04EC0-301F-11D3-BF4B-00C04F79EFBC}") = "Azureblob.iOS", "Azureblob\Azureblob.iOS\Azureblob.iOS.csproj", "{EB6A9D0D-6667-4C51-984C-5CDCC2A93D0A}"
EndProject
Project("{FAE04EC0-301F-11D3-BF4B-00C04F79EFBC}") = "Azureblob", "Azureblob\Azureblob\Azureblob.csproj", "{6B08FD19-46F3-4105-9902-104B9240C3B4}"
EndProject
Global
	GlobalSection(SolutionConfigurationPlatforms) = preSolution
		Debug|Any CPU = Debug|Any CPU
		Debug|iPhone = Debug|iPhone
		Debug|iPhoneSimulator = Debug|iPhoneSimulator
		Release|Any CPU = Release|Any CPU
		Release|iPhone = Release|iPhone
		Release|iPhoneSimulator = Release|iPhoneSimulator
	EndGlobalSection
	GlobalSection(ProjectConfigurationPlatforms) = postSolution
		{FCFE075C-1721-4EF0-B445-1810F9F9F59C}.Debug|Any CPU.ActiveCfg = Debug|Any CPU
		{FCFE075C-1721-4EF0-B445-1810F9F9F59C}.Debug|Any CPU.Build.0 = Debug|Any CPU
		{FCFE075C-1721-4EF0-B445-1810F9F9F59C}.Debug|Any CPU.Deploy.0 = Debug|Any CPU
		{FCFE075C-1721-4EF0-B445-1810F9F9F59C}.Debug|iPhone.ActiveCfg = Debug|Any CPU
		{FCFE075C-1721-4EF0-B445-1810F9F9F59C}.Debug|iPhone.Build.0 = Debug|Any CPU
		{FCFE075C-1721-4EF0-B445-1810F9F9F59C}.Debug|iPhone.Deploy.0 = Debug|Any CPU
		{FCFE075C-1721-4EF0-B445-1810F9F9F59C}.Debug|iPhoneSimulator.ActiveCfg = Debug|Any CPU
		{FCFE075C-1721-4EF0-B445-1810F9F9F59C}.Debug|iPhoneSimulator.Build.0 = Debug|Any CPU
		{FCFE075C-1721-4EF0-B445-1810F9F9F59C}.Debug|iPhoneSimulator.Deploy.0 = Debug|Any CPU
		{FCFE075C-1721-4EF0-B445-1810F9F9F59C}.Release|Any CPU.ActiveCfg = Release|Any CPU
		{FCFE075C-1721-4EF0-B445-1810F9F9F59C}.Release|Any CPU.Build.0 = Release|Any CPU
		{FCFE075C-1721-4EF0-B445-1810F9F9F59C}.Release|Any CPU.Deploy.0 = Release|Any CPU
		{FCFE075C-1721-4EF0-B445-1810F9F9F59C}.Release|iPhone.ActiveCfg = Release|Any CPU
		{FCFE075C-1721-4EF0-B445-1810F9F9F59C}.Release|iPhone.Build.0 = Release|Any CPU
		{FCFE075C-1721-4EF0-B445-1810F9F9F59C}.Release|iPhone.Deploy.0 = Release|Any CPU
		{FCFE075C-1721-4EF0-B445-1810F9F9F59C}.Release|iPhoneSimulator.ActiveCfg = Release|Any CPU
		{FCFE075C-1721-4EF0-B445-1810F9F9F59C}.Release|iPhoneSimulator.Build.0 = Release|Any CPU
		{FCFE075C-1721-4EF0-B445-1810F9F9F59C}.Release|iPhoneSimulator.Deploy.0 = Release|Any CPU
		{EB6A9D0D-6667-4C51-984C-5CDCC2A93D0A}.Debug|Any CPU.ActiveCfg = Debug|iPhone
		{EB6A9D0D-6667-4C51-984C-5CDCC2A93D0A}.Debug|Any CPU.Build.0 = Debug|iPhone
		{EB6A9D0D-6667-4C51-984C-5CDCC2A93D0A}.Debug|Any CPU.Deploy.0 = Debug|iPhone
		{EB6A9D0D-6667-4C51-984C-5CDCC2A93D0A}.Debug|iPhone.ActiveCfg = Debug|iPhone
		{EB6A9D0D-6667-4C51-984C-5CDCC2A93D0A}.Debug|iPhone.Build.0 = Debug|iPhone
		{EB6A9D0D-6667-4C51-984C-5CDCC2A93D0A}.Debug|iPhone.Deploy.0 = Debug|iPhone
		{EB6A9D0D-6667-4C51-984C-5CDCC2A93D0A}.Debug|iPhoneSimulator.ActiveCfg = Debug|iPhoneSimulator
		{EB6A9D0D-6667-4C51-984C-5CDCC2A93D0A}.Debug|iPhoneSimulator.Build.0 = Debug|iPhoneSimulator
		{EB6A9D0D-6667-4C51-984C-5CDCC2A93D0A}.Debug|iPhoneSimulator.Deploy.0 = Debug|iPhoneSimulator
		{EB6A9D0D-6667-4C51-984C-5CDCC2A93D0A}.Release|Any CPU.ActiveCfg = Release|iPhoneSimulator
		{EB6A9D0D-6667-4C51-984C-5CDCC2A93D0A}.Release|Any CPU.Build.0 = Release|iPhoneSimulator
		{EB6A9D0D-6667-4C51-984C-5CDCC2A93D0A}.Release|Any CPU.Deploy.0 = Release|iPhoneSimulator
		{EB6A9D0D-6667-4C51-984C-5CDCC2A93D0A}.Release|iPhone.ActiveCfg = Release|iPhone
		{EB6A9D0D-6667-4C51-984C-5CDCC2A93D0A}.Release|iPhone.Build.0 = Release|iPhone
		{EB6A9D0D-6667-4C51-984C-5CDCC2A93D0A}.Release|iPhone.Deploy.0 = Release|iPhone
		{EB6A9D0D-6667-4C51-984C-5CDCC2A93D0A}.Release|iPhoneSimulator.ActiveCfg = Release|iPhoneSimulator
		{EB6A9D0D-6667-4C51-984C-5CDCC2A93D0A}.Release|iPhoneSimulator.Build.0 = Release|iPhoneSimulator
		{EB6A9D0D-6667-4C51-984C-5CDCC2A93D0A}.Release|iPhoneSimulator.Deploy.0 = Release|iPhoneSimulator
		{6B08FD19-46F3-4105-9902-104B9240C3B4}.Debug|Any CPU.ActiveCfg = Debug|Any CPU
		{6B08FD19-46F3-4105-9902-104B9240C3B4}.Debug|Any CPU.Build.0 = Debug|Any CPU
		{6B08FD19-46F3-4105-9902-104B9240C3B4}.Debug|Any CPU.Deploy.0 = Debug|Any CPU
		{6B08FD19-46F3-4105-9902-104B9240C3B4}.Debug|iPhone.ActiveCfg = Debug|Any CPU
		{6B08FD19-46F3-4105-9902-104B9240C3B4}.Debug|iPhone.Build.0 = Debug|Any CPU
		{6B08FD19-46F3-4105-9902-104B9240C3B4}.Debug|iPhone.Deploy.0 = Debug|Any CPU
		{6B08FD19-46F3-4105-9902-104B9240C3B4}.Debug|iPhoneSimulator.ActiveCfg = Debug|Any CPU
		{6B08FD19-46F3-4105-9902-104B9240C3B4}.Debug|iPhoneSimulator.Build.0 = Debug|Any CPU
		{6B08FD19-46F3-4105-9902-104B9240C3B4}.Debug|iPhoneSimulator.Deploy.0 = Debug|Any CPU
		{6B08FD19-46F3-4105-9902-104B9240C3B4}.Release|Any CPU.ActiveCfg = Release|Any CPU
		{6B08FD19-46F3-4105-9902-104B9240C3B4}.Release|Any CPU.Build.0 = Release|Any CPU
		{6B08FD19-46F3-4105-9902-104B9240C3B4}.Release|Any CPU.Deploy.0 = Release|Any CPU
		{6B08FD19-46F3-4105-9902-104B9240C3B4}.Release|iPhone.ActiveCfg = Release|Any CPU
		{6B08FD19-46F3-4105-9902-104B9240C3B4}.Release|iPhone.Build.0 = Release|Any CPU
		{6B08FD19-46F3-4105-9902-104B9240C3B4}.Release|iPhone.Deploy.0 = Release|Any CPU
		{6B08FD19-46F3-4105-9902-104B9240C3B4}.Release|iPhoneSimulator.ActiveCfg = Release|Any CPU
		{6B08FD19-46F3-4105-9902-104B9240C3B4}.Release|iPhoneSimulator.Build.0 = Release|Any CPU
		{6B08FD19-46F3-4105-9902-104B9240C3B4}.Release|iPhoneSimulator.Deploy.0 = Release|Any CPU
	EndGlobalSection
	GlobalSection(SolutionProperties) = preSolution
		HideSolutionNode = FALSE
	EndGlobalSection
	GlobalSection(ExtensibilityGlobals) = postSolution
		SolutionGuid = {9115D9B7-5541-419B-B8B6-D0D1B99CF042}
	EndGlobalSection
EndGlobal
